
Microsoft Visual Studio Solution File, Format Version 12.00
# Visual Studio Version 17
VisualStudioVersion = 17.9.34622.214
MinimumVisualStudioVersion = 10.0.40219.1
Project("{FAE04EC0-301F-11D3-BF4B-00C04F79EFBC}") = "CqrsMediatorPattern", "CqrsMediatorPattern\CqrsMediatorPattern.csproj", "{01F3559D-22B5-4BF7-8416-80DB7F3FC6EB}"
EndProject
Global
	GlobalSection(SolutionConfigurationPlatforms) = preSolution
		Debug|Any CPU = Debug|Any CPU
		Release|Any CPU = Release|Any CPU
	EndGlobalSection
	GlobalSection(ProjectConfigurationPlatforms) = postSolution
		{01F3559D-22B5-4BF7-8416-80DB7F3FC6EB}.Debug|Any CPU.ActiveCfg = Debug|Any CPU
		{01F3559D-22B5-4BF7-8416-80DB7F3FC6EB}.Debug|Any CPU.Build.0 = Debug|Any CPU
		{01F3559D-22B5-4BF7-8416-80DB7F3FC6EB}.Release|Any CPU.ActiveCfg = Release|Any CPU
		{01F3559D-22B5-4BF7-8416-80DB7F3FC6EB}.Release|Any CPU.Build.0 = Release|Any CPU
	EndGlobalSection
	GlobalSection(SolutionProperties) = preSolution
		HideSolutionNode = FALSE
	EndGlobalSection
	GlobalSection(ExtensibilityGlobals) = postSolution
		SolutionGuid = {BE787DA6-2FAB-4D06-BAE6-370D3F1E0A0F}
	EndGlobalSection
EndGlobal
